
Microsoft Visual Studio Solution File, Format Version 12.00
# Visual Studio Version 17
VisualStudioVersion = 17.9.34728.123
MinimumVisualStudioVersion = 10.0.40219.1
Project("{9A19103F-16F7-4668-BE54-9A1E7A4F7556}") = "ApiWeatherProject", "ApiWeatherProject\ApiWeatherProject.csproj", "{AB85C082-734E-4D78-9610-47FA920373BD}"
EndProject
Project("{9A19103F-16F7-4668-BE54-9A1E7A4F7556}") = "ApiWeatherConsume", "ApiWeatherConsume\ApiWeatherConsume.csproj", "{4E41C010-FB82-4FD7-8917-B9B81A5BAA92}"
EndProject
Project("{FAE04EC0-301F-11D3-BF4B-00C04F79EFBC}") = "RapidApiCurrency", "RapidApiCurrency\RapidApiCurrency.csproj", "{7F2D1CF0-CB88-47AD-BE3E-EB7F41DA7CB0}"
EndProject
Project("{FAE04EC0-301F-11D3-BF4B-00C04F79EFBC}") = "WeatherApiApp", "WeatherApiApp\WeatherApiApp.csproj", "{FAE9396E-F869-4390-AB79-B5054E8675DB}"
EndProject
Project("{FAE04EC0-301F-11D3-BF4B-00C04F79EFBC}") = "JWToken", "JWToken\JWToken.csproj", "{775D10D8-4AE3-4A71-B518-F85B42B50B5C}"
EndProject
Project("{FAE04EC0-301F-11D3-BF4B-00C04F79EFBC}") = "EntityFrameworkDbFirstProduct", "EntityFrameworkDbFirstProduct\EntityFrameworkDbFirstProduct.csproj", "{DA6B8F4C-373E-43CB-B2F5-E4691889B53B}"
EndProject
Global
	GlobalSection(SolutionConfigurationPlatforms) = preSolution
		Debug|Any CPU = Debug|Any CPU
		Release|Any CPU = Release|Any CPU
	EndGlobalSection
	GlobalSection(ProjectConfigurationPlatforms) = postSolution
		{AB85C082-734E-4D78-9610-47FA920373BD}.Debug|Any CPU.ActiveCfg = Debug|Any CPU
		{AB85C082-734E-4D78-9610-47FA920373BD}.Debug|Any CPU.Build.0 = Debug|Any CPU
		{AB85C082-734E-4D78-9610-47FA920373BD}.Release|Any CPU.ActiveCfg = Release|Any CPU
		{AB85C082-734E-4D78-9610-47FA920373BD}.Release|Any CPU.Build.0 = Release|Any CPU
		{4E41C010-FB82-4FD7-8917-B9B81A5BAA92}.Debug|Any CPU.ActiveCfg = Debug|Any CPU
		{4E41C010-FB82-4FD7-8917-B9B81A5BAA92}.Debug|Any CPU.Build.0 = Debug|Any CPU
		{4E41C010-FB82-4FD7-8917-B9B81A5BAA92}.Release|Any CPU.ActiveCfg = Release|Any CPU
		{4E41C010-FB82-4FD7-8917-B9B81A5BAA92}.Release|Any CPU.Build.0 = Release|Any CPU
		{7F2D1CF0-CB88-47AD-BE3E-EB7F41DA7CB0}.Debug|Any CPU.ActiveCfg = Debug|Any CPU
		{7F2D1CF0-CB88-47AD-BE3E-EB7F41DA7CB0}.Debug|Any CPU.Build.0 = Debug|Any CPU
		{7F2D1CF0-CB88-47AD-BE3E-EB7F41DA7CB0}.Release|Any CPU.ActiveCfg = Release|Any CPU
		{7F2D1CF0-CB88-47AD-BE3E-EB7F41DA7CB0}.Release|Any CPU.Build.0 = Release|Any CPU
		{FAE9396E-F869-4390-AB79-B5054E8675DB}.Debug|Any CPU.ActiveCfg = Debug|Any CPU
		{FAE9396E-F869-4390-AB79-B5054E8675DB}.Debug|Any CPU.Build.0 = Debug|Any CPU
		{FAE9396E-F869-4390-AB79-B5054E8675DB}.Release|Any CPU.ActiveCfg = Release|Any CPU
		{FAE9396E-F869-4390-AB79-B5054E8675DB}.Release|Any CPU.Build.0 = Release|Any CPU
		{775D10D8-4AE3-4A71-B518-F85B42B50B5C}.Debug|Any CPU.ActiveCfg = Debug|Any CPU
		{775D10D8-4AE3-4A71-B518-F85B42B50B5C}.Debug|Any CPU.Build.0 = Debug|Any CPU
		{775D10D8-4AE3-4A71-B518-F85B42B50B5C}.Release|Any CPU.ActiveCfg = Release|Any CPU
		{775D10D8-4AE3-4A71-B518-F85B42B50B5C}.Release|Any CPU.Build.0 = Release|Any CPU
		{DA6B8F4C-373E-43CB-B2F5-E4691889B53B}.Debug|Any CPU.ActiveCfg = Debug|Any CPU
		{DA6B8F4C-373E-43CB-B2F5-E4691889B53B}.Debug|Any CPU.Build.0 = Debug|Any CPU
		{DA6B8F4C-373E-43CB-B2F5-E4691889B53B}.Release|Any CPU.ActiveCfg = Release|Any CPU
		{DA6B8F4C-373E-43CB-B2F5-E4691889B53B}.Release|Any CPU.Build.0 = Release|Any CPU
	EndGlobalSection
	GlobalSection(SolutionProperties) = preSolution
		HideSolutionNode = FALSE
	EndGlobalSection
	GlobalSection(ExtensibilityGlobals) = postSolution
		SolutionGuid = {20671DFE-F051-4AB3-9AB1-016BD65A0A44}
	EndGlobalSection
EndGlobal
