
Microsoft Visual Studio Solution File, Format Version 12.00
# Visual Studio Version 17
VisualStudioVersion = 17.9.34728.123
MinimumVisualStudioVersion = 10.0.40219.1
Project("{9A19103F-16F7-4668-BE54-9A1E7A4F7556}") = "ApiWeatherProject", "ApiWeatherProject\ApiWeatherProject.csproj", "{AB85C082-734E-4D78-9610-47FA920373BD}"
EndProject
Project("{9A19103F-16F7-4668-BE54-9A1E7A4F7556}") = "ApiWeatherConsume", "ApiWeatherConsume\ApiWeatherConsume.csproj", "{4E41C010-FB82-4FD7-8917-B9B81A5BAA92}"
EndProject
Project("{FAE04EC0-301F-11D3-BF4B-00C04F79EFBC}") = "RapidApiCurrency", "RapidApiCurrency\RapidApiCurrency.csproj", "{7F2D1CF0-CB88-47AD-BE3E-EB7F41DA7CB0}"
EndProject
Project("{FAE04EC0-301F-11D3-BF4B-00C04F79EFBC}") = "WeatherApiApp", "WeatherApiApp\WeatherApiApp.csproj", "{FAE9396E-F869-4390-AB79-B5054E8675DB}"
EndProject
Project("{FAE04EC0-301F-11D3-BF4B-00C04F79EFBC}") = "JWToken", "JWToken\JWToken.csproj", "{775D10D8-4AE3-4A71-B518-F85B42B50B5C}"
EndProject
Project("{FAE04EC0-301F-11D3-BF4B-00C04F79EFBC}") = "EntityFrameworkDbFirstProduct", "EntityFrameworkDbFirstProduct\EntityFrameworkDbFirstProduct.csproj", "{DA6B8F4C-373E-43CB-B2F5-E4691889B53B}"
EndProject
Project("{FAE04EC0-301F-11D3-BF4B-00C04F79EFBC}") = "AdonetCustomer", "AdonetCustomer\AdonetCustomer.csproj", "{94108BA4-A75A-4F71-B200-2C833A1DB701}"
EndProject
Project("{FAE04EC0-301F-11D3-BF4B-00C04F79EFBC}") = "MailRegister", "MailRegister\MailRegister.csproj", "{9CA0EE9B-AC88-4F8C-A8DC-DF0729FD6B45}"
EndProject
Project("{FAE04EC0-301F-11D3-BF4B-00C04F79EFBC}") = "DapperNorthwind", "DapperNorthwind\DapperNorthwind.csproj", "{C52D8A6E-34A7-4F4B-AB11-BD1F6ECDFBBF}"
EndProject
Project("{FAE04EC0-301F-11D3-BF4B-00C04F79EFBC}") = "EFCoreCodeFirst", "EFCoreCodeFirst\EFCoreCodeFirst.csproj", "{9840E172-3707-4A81-B307-187898FFA85D}"
EndProject
Project("{FAE04EC0-301F-11D3-BF4B-00C04F79EFBC}") = "KaggleDataset", "KaggleDataset\KaggleDataset.csproj", "{686733F2-3B67-4850-A9D8-7252C83FAB3E}"
EndProject
Project("{FAE04EC0-301F-11D3-BF4B-00C04F79EFBC}") = "GasPriceSimulation_", "GasPriceSimulation_\GasPriceSimulation_.csproj", "{6CAF8B26-FA26-49AD-8EEC-824FC76FE94A}"
EndProject
Project("{FAE04EC0-301F-11D3-BF4B-00C04F79EFBC}") = "DynamicRestaurantTable Status", "DynamicRestaurantTable Status\DynamicRestaurantTable Status.csproj", "{DEB6DB9F-E60F-45D9-805D-FFED7562A5D7}"
EndProject
Global
	GlobalSection(SolutionConfigurationPlatforms) = preSolution
		Debug|Any CPU = Debug|Any CPU
		Release|Any CPU = Release|Any CPU
	EndGlobalSection
	GlobalSection(ProjectConfigurationPlatforms) = postSolution
		{AB85C082-734E-4D78-9610-47FA920373BD}.Debug|Any CPU.ActiveCfg = Debug|Any CPU
		{AB85C082-734E-4D78-9610-47FA920373BD}.Debug|Any CPU.Build.0 = Debug|Any CPU
		{AB85C082-734E-4D78-9610-47FA920373BD}.Release|Any CPU.ActiveCfg = Release|Any CPU
		{AB85C082-734E-4D78-9610-47FA920373BD}.Release|Any CPU.Build.0 = Release|Any CPU
		{4E41C010-FB82-4FD7-8917-B9B81A5BAA92}.Debug|Any CPU.ActiveCfg = Debug|Any CPU
		{4E41C010-FB82-4FD7-8917-B9B81A5BAA92}.Debug|Any CPU.Build.0 = Debug|Any CPU
		{4E41C010-FB82-4FD7-8917-B9B81A5BAA92}.Release|Any CPU.ActiveCfg = Release|Any CPU
		{4E41C010-FB82-4FD7-8917-B9B81A5BAA92}.Release|Any CPU.Build.0 = Release|Any CPU
		{7F2D1CF0-CB88-47AD-BE3E-EB7F41DA7CB0}.Debug|Any CPU.ActiveCfg = Debug|Any CPU
		{7F2D1CF0-CB88-47AD-BE3E-EB7F41DA7CB0}.Debug|Any CPU.Build.0 = Debug|Any CPU
		{7F2D1CF0-CB88-47AD-BE3E-EB7F41DA7CB0}.Release|Any CPU.ActiveCfg = Release|Any CPU
		{7F2D1CF0-CB88-47AD-BE3E-EB7F41DA7CB0}.Release|Any CPU.Build.0 = Release|Any CPU
		{FAE9396E-F869-4390-AB79-B5054E8675DB}.Debug|Any CPU.ActiveCfg = Debug|Any CPU
		{FAE9396E-F869-4390-AB79-B5054E8675DB}.Debug|Any CPU.Build.0 = Debug|Any CPU
		{FAE9396E-F869-4390-AB79-B5054E8675DB}.Release|Any CPU.ActiveCfg = Release|Any CPU
		{FAE9396E-F869-4390-AB79-B5054E8675DB}.Release|Any CPU.Build.0 = Release|Any CPU
		{775D10D8-4AE3-4A71-B518-F85B42B50B5C}.Debug|Any CPU.ActiveCfg = Debug|Any CPU
		{775D10D8-4AE3-4A71-B518-F85B42B50B5C}.Debug|Any CPU.Build.0 = Debug|Any CPU
		{775D10D8-4AE3-4A71-B518-F85B42B50B5C}.Release|Any CPU.ActiveCfg = Release|Any CPU
		{775D10D8-4AE3-4A71-B518-F85B42B50B5C}.Release|Any CPU.Build.0 = Release|Any CPU
		{DA6B8F4C-373E-43CB-B2F5-E4691889B53B}.Debug|Any CPU.ActiveCfg = Debug|Any CPU
		{DA6B8F4C-373E-43CB-B2F5-E4691889B53B}.Debug|Any CPU.Build.0 = Debug|Any CPU
		{DA6B8F4C-373E-43CB-B2F5-E4691889B53B}.Release|Any CPU.ActiveCfg = Release|Any CPU
		{DA6B8F4C-373E-43CB-B2F5-E4691889B53B}.Release|Any CPU.Build.0 = Release|Any CPU
		{94108BA4-A75A-4F71-B200-2C833A1DB701}.Debug|Any CPU.ActiveCfg = Debug|Any CPU
		{94108BA4-A75A-4F71-B200-2C833A1DB701}.Debug|Any CPU.Build.0 = Debug|Any CPU
		{94108BA4-A75A-4F71-B200-2C833A1DB701}.Release|Any CPU.ActiveCfg = Release|Any CPU
		{94108BA4-A75A-4F71-B200-2C833A1DB701}.Release|Any CPU.Build.0 = Release|Any CPU
		{9CA0EE9B-AC88-4F8C-A8DC-DF0729FD6B45}.Debug|Any CPU.ActiveCfg = Debug|Any CPU
		{9CA0EE9B-AC88-4F8C-A8DC-DF0729FD6B45}.Debug|Any CPU.Build.0 = Debug|Any CPU
		{9CA0EE9B-AC88-4F8C-A8DC-DF0729FD6B45}.Release|Any CPU.ActiveCfg = Release|Any CPU
		{9CA0EE9B-AC88-4F8C-A8DC-DF0729FD6B45}.Release|Any CPU.Build.0 = Release|Any CPU
		{C52D8A6E-34A7-4F4B-AB11-BD1F6ECDFBBF}.Debug|Any CPU.ActiveCfg = Debug|Any CPU
		{C52D8A6E-34A7-4F4B-AB11-BD1F6ECDFBBF}.Debug|Any CPU.Build.0 = Debug|Any CPU
		{C52D8A6E-34A7-4F4B-AB11-BD1F6ECDFBBF}.Release|Any CPU.ActiveCfg = Release|Any CPU
		{C52D8A6E-34A7-4F4B-AB11-BD1F6ECDFBBF}.Release|Any CPU.Build.0 = Release|Any CPU
		{9840E172-3707-4A81-B307-187898FFA85D}.Debug|Any CPU.ActiveCfg = Debug|Any CPU
		{9840E172-3707-4A81-B307-187898FFA85D}.Debug|Any CPU.Build.0 = Debug|Any CPU
		{9840E172-3707-4A81-B307-187898FFA85D}.Release|Any CPU.ActiveCfg = Release|Any CPU
		{9840E172-3707-4A81-B307-187898FFA85D}.Release|Any CPU.Build.0 = Release|Any CPU
		{686733F2-3B67-4850-A9D8-7252C83FAB3E}.Debug|Any CPU.ActiveCfg = Debug|Any CPU
		{686733F2-3B67-4850-A9D8-7252C83FAB3E}.Debug|Any CPU.Build.0 = Debug|Any CPU
		{686733F2-3B67-4850-A9D8-7252C83FAB3E}.Release|Any CPU.ActiveCfg = Release|Any CPU
		{686733F2-3B67-4850-A9D8-7252C83FAB3E}.Release|Any CPU.Build.0 = Release|Any CPU
		{6CAF8B26-FA26-49AD-8EEC-824FC76FE94A}.Debug|Any CPU.ActiveCfg = Debug|Any CPU
		{6CAF8B26-FA26-49AD-8EEC-824FC76FE94A}.Debug|Any CPU.Build.0 = Debug|Any CPU
		{6CAF8B26-FA26-49AD-8EEC-824FC76FE94A}.Release|Any CPU.ActiveCfg = Release|Any CPU
		{6CAF8B26-FA26-49AD-8EEC-824FC76FE94A}.Release|Any CPU.Build.0 = Release|Any CPU
		{DEB6DB9F-E60F-45D9-805D-FFED7562A5D7}.Debug|Any CPU.ActiveCfg = Debug|Any CPU
		{DEB6DB9F-E60F-45D9-805D-FFED7562A5D7}.Debug|Any CPU.Build.0 = Debug|Any CPU
		{DEB6DB9F-E60F-45D9-805D-FFED7562A5D7}.Release|Any CPU.ActiveCfg = Release|Any CPU
		{DEB6DB9F-E60F-45D9-805D-FFED7562A5D7}.Release|Any CPU.Build.0 = Release|Any CPU
	EndGlobalSection
	GlobalSection(SolutionProperties) = preSolution
		HideSolutionNode = FALSE
	EndGlobalSection
	GlobalSection(ExtensibilityGlobals) = postSolution
		SolutionGuid = {20671DFE-F051-4AB3-9AB1-016BD65A0A44}
	EndGlobalSection
EndGlobal
